
Microsoft Visual Studio Solution File, Format Version 12.00
# Visual Studio 2012
Project("{FAE04EC0-301F-11D3-BF4B-00C04F79EFBC}") = "TestAndroid", "TestAndroid\TestAndroid.csproj", "{095F10E1-D92F-4EF1-B48B-4E63B68A3120}"
EndProject
Global
	GlobalSection(SolutionConfigurationPlatforms) = preSolution
		Debug|Any CPU = Debug|Any CPU
		Release|Any CPU = Release|Any CPU
	EndGlobalSection
	GlobalSection(ProjectConfigurationPlatforms) = postSolution
		{095F10E1-D92F-4EF1-B48B-4E63B68A3120}.Debug|Any CPU.ActiveCfg = Debug|Any CPU
		{095F10E1-D92F-4EF1-B48B-4E63B68A3120}.Debug|Any CPU.Build.0 = Debug|Any CPU
		{095F10E1-D92F-4EF1-B48B-4E63B68A3120}.Debug|Any CPU.Deploy.0 = Debug|Any CPU
		{095F10E1-D92F-4EF1-B48B-4E63B68A3120}.Release|Any CPU.ActiveCfg = Release|Any CPU
		{095F10E1-D92F-4EF1-B48B-4E63B68A3120}.Release|Any CPU.Build.0 = Release|Any CPU
		{095F10E1-D92F-4EF1-B48B-4E63B68A3120}.Release|Any CPU.Deploy.0 = Release|Any CPU
	EndGlobalSection
	GlobalSection(SolutionProperties) = preSolution
		HideSolutionNode = FALSE
	EndGlobalSection
EndGlobal
