
Microsoft Visual Studio Solution File, Format Version 12.00
# Visual Studio 2012
Project("{FAE04EC0-301F-11D3-BF4B-00C04F79EFBC}") = "TestIOS", "TestIOS\TestIOS.csproj", "{7DD4B694-C283-461F-8447-F784CD8C86B9}"
EndProject
Global
	GlobalSection(SolutionConfigurationPlatforms) = preSolution
		Ad-Hoc|iPhone = Ad-Hoc|iPhone
		Ad-Hoc|iPhoneSimulator = Ad-Hoc|iPhoneSimulator
		AppStore|iPhone = AppStore|iPhone
		AppStore|iPhoneSimulator = AppStore|iPhoneSimulator
		Debug|iPhone = Debug|iPhone
		Debug|iPhoneSimulator = Debug|iPhoneSimulator
		Release|iPhone = Release|iPhone
		Release|iPhoneSimulator = Release|iPhoneSimulator
	EndGlobalSection
	GlobalSection(ProjectConfigurationPlatforms) = postSolution
		{7DD4B694-C283-461F-8447-F784CD8C86B9}.Ad-Hoc|iPhone.ActiveCfg = Ad-Hoc|iPhone
		{7DD4B694-C283-461F-8447-F784CD8C86B9}.Ad-Hoc|iPhone.Build.0 = Ad-Hoc|iPhone
		{7DD4B694-C283-461F-8447-F784CD8C86B9}.Ad-Hoc|iPhone.Deploy.0 = Ad-Hoc|iPhone
		{7DD4B694-C283-461F-8447-F784CD8C86B9}.Ad-Hoc|iPhoneSimulator.ActiveCfg = Ad-Hoc|iPhoneSimulator
		{7DD4B694-C283-461F-8447-F784CD8C86B9}.Ad-Hoc|iPhoneSimulator.Build.0 = Ad-Hoc|iPhoneSimulator
		{7DD4B694-C283-461F-8447-F784CD8C86B9}.Ad-Hoc|iPhoneSimulator.Deploy.0 = Ad-Hoc|iPhoneSimulator
		{7DD4B694-C283-461F-8447-F784CD8C86B9}.AppStore|iPhone.ActiveCfg = AppStore|iPhone
		{7DD4B694-C283-461F-8447-F784CD8C86B9}.AppStore|iPhone.Build.0 = AppStore|iPhone
		{7DD4B694-C283-461F-8447-F784CD8C86B9}.AppStore|iPhone.Deploy.0 = AppStore|iPhone
		{7DD4B694-C283-461F-8447-F784CD8C86B9}.AppStore|iPhoneSimulator.ActiveCfg = AppStore|iPhoneSimulator
		{7DD4B694-C283-461F-8447-F784CD8C86B9}.AppStore|iPhoneSimulator.Build.0 = AppStore|iPhoneSimulator
		{7DD4B694-C283-461F-8447-F784CD8C86B9}.AppStore|iPhoneSimulator.Deploy.0 = AppStore|iPhoneSimulator
		{7DD4B694-C283-461F-8447-F784CD8C86B9}.Debug|iPhone.ActiveCfg = Debug|iPhone
		{7DD4B694-C283-461F-8447-F784CD8C86B9}.Debug|iPhone.Build.0 = Debug|iPhone
		{7DD4B694-C283-461F-8447-F784CD8C86B9}.Debug|iPhone.Deploy.0 = Debug|iPhone
		{7DD4B694-C283-461F-8447-F784CD8C86B9}.Debug|iPhoneSimulator.ActiveCfg = Debug|iPhoneSimulator
		{7DD4B694-C283-461F-8447-F784CD8C86B9}.Debug|iPhoneSimulator.Build.0 = Debug|iPhoneSimulator
		{7DD4B694-C283-461F-8447-F784CD8C86B9}.Debug|iPhoneSimulator.Deploy.0 = Debug|iPhoneSimulator
		{7DD4B694-C283-461F-8447-F784CD8C86B9}.Release|iPhone.ActiveCfg = Release|iPhone
		{7DD4B694-C283-461F-8447-F784CD8C86B9}.Release|iPhone.Build.0 = Release|iPhone
		{7DD4B694-C283-461F-8447-F784CD8C86B9}.Release|iPhone.Deploy.0 = Release|iPhone
		{7DD4B694-C283-461F-8447-F784CD8C86B9}.Release|iPhoneSimulator.ActiveCfg = Release|iPhoneSimulator
		{7DD4B694-C283-461F-8447-F784CD8C86B9}.Release|iPhoneSimulator.Build.0 = Release|iPhoneSimulator
		{7DD4B694-C283-461F-8447-F784CD8C86B9}.Release|iPhoneSimulator.Deploy.0 = Release|iPhoneSimulator
	EndGlobalSection
	GlobalSection(SolutionProperties) = preSolution
		HideSolutionNode = FALSE
	EndGlobalSection
EndGlobal
